{
    "_readme": [
        "This file locks the dependencies of your project to a known state",
        "Read more about it at https://getcomposer.org/doc/01-basic-usage.md#composer-lock-the-lock-file",
        "This file is @generated automatically"
    ],
    "content-hash": "27b49ece8aa32fb2bc6027bd1b4e3ef2",
    "packages": [
        {
            "name": "latte/latte",
            "version": "v2.4.3",
            "source": {
                "type": "git",
                "url": "https://github.com/nette/latte.git",
                "reference": "b62ee346467e1e2402a43c499cf6047fddc5d321"
            },
            "dist": {
                "type": "zip",
                "url": "https://api.github.com/repos/nette/latte/zipball/b62ee346467e1e2402a43c499cf6047fddc5d321",
                "reference": "b62ee346467e1e2402a43c499cf6047fddc5d321",
                "shasum": ""
            },
            "require": {
                "ext-json": "*",
                "ext-tokenizer": "*",
                "php": ">=5.4.4"
            },
            "conflict": {
                "nette/application": "<2.4.1"
            },
            "require-dev": {
                "nette/tester": "~2.0",
                "tracy/tracy": "^2.3"
            },
            "suggest": {
                "ext-fileinfo": "to use filter |datastream",
                "ext-mbstring": "to use filters like lower, upper, capitalize, ...",
                "ext-xml": "to use filters like length, substring, ..."
            },
            "type": "library",
            "extra": {
                "branch-alias": {
                    "dev-master": "2.4-dev"
                }
            },
            "autoload": {
                "classmap": [
                    "src/"
                ]
            },
            "notification-url": "https://packagist.org/downloads/",
            "license": [
                "BSD-3-Clause",
                "GPL-2.0",
                "GPL-3.0"
            ],
            "authors": [
                {
                    "name": "David Grudl",
                    "homepage": "https://davidgrudl.com"
                },
                {
                    "name": "Nette Community",
                    "homepage": "https://nette.org/contributors"
                }
            ],
            "description": "Latte: the amazing template engine for PHP",
            "homepage": "https://latte.nette.org",
            "keywords": [
                "templating",
                "twig"
            ],
            "time": "2017-01-19T11:06:59+00:00"
        },
        {
            "name": "nette/application",
            "version": "v2.4.4",
            "source": {
                "type": "git",
                "url": "https://github.com/nette/application.git",
                "reference": "3e30a1ec941717668bcdab336d690484700207cd"
            },
            "dist": {
                "type": "zip",
                "url": "https://api.github.com/repos/nette/application/zipball/3e30a1ec941717668bcdab336d690484700207cd",
                "reference": "3e30a1ec941717668bcdab336d690484700207cd",
                "shasum": ""
            },
            "require": {
                "nette/component-model": "~2.3",
                "nette/http": "~2.2",
                "nette/reflection": "~2.2",
                "nette/utils": "~2.4",
                "php": ">=5.6.0"
            },
            "conflict": {
                "nette/di": "<2.4",
                "nette/forms": "<2.4",
                "nette/latte": "<2.4",
                "nette/nette": "<2.2"
            },
            "require-dev": {
                "latte/latte": "^2.4.1",
                "mockery/mockery": "^0.9.5",
                "nette/di": "~2.4",
                "nette/forms": "~2.4",
                "nette/robot-loader": "^2.4.2 || ^3.0",
                "nette/security": "~2.4",
                "nette/tester": "~2.0",
                "tracy/tracy": "^2.4"
            },
            "suggest": {
                "latte/latte": "Allows using Latte in templates",
                "nette/forms": "Allows to use Nette\\Application\\UI\\Form"
            },
            "type": "library",
            "extra": {
                "branch-alias": {
                    "dev-master": "2.4-dev"
                }
            },
            "autoload": {
                "classmap": [
                    "src/"
                ],
                "files": [
                    "src/compatibility.php"
                ]
            },
            "notification-url": "https://packagist.org/downloads/",
            "license": [
                "BSD-3-Clause",
                "GPL-2.0",
                "GPL-3.0"
            ],
            "authors": [
                {
                    "name": "David Grudl",
                    "homepage": "https://davidgrudl.com"
                },
                {
                    "name": "Nette Community",
                    "homepage": "https://nette.org/contributors"
                }
            ],
            "description": "Nette Application MVC Component",
            "homepage": "https://nette.org",
            "time": "2017-01-19T10:34:07+00:00"
        },
        {
            "name": "nette/bootstrap",
            "version": "v2.4.2",
            "source": {
                "type": "git",
                "url": "https://github.com/nette/bootstrap.git",
                "reference": "4db37e6d42ddf41b50417950741113b5dfc86e27"
            },
            "dist": {
                "type": "zip",
                "url": "https://api.github.com/repos/nette/bootstrap/zipball/4db37e6d42ddf41b50417950741113b5dfc86e27",
                "reference": "4db37e6d42ddf41b50417950741113b5dfc86e27",
                "shasum": ""
            },
            "require": {
                "nette/di": "~2.4.0",
                "nette/utils": "~2.4",
                "php": ">=5.6.0"
            },
            "conflict": {
                "nette/nette": "<2.2"
            },
            "require-dev": {
                "latte/latte": "~2.2",
                "nette/application": "~2.3",
                "nette/caching": "~2.3",
                "nette/database": "~2.3",
                "nette/forms": "~2.3",
                "nette/http": "~2.4.0",
                "nette/mail": "~2.3",
                "nette/robot-loader": "~2.2",
                "nette/safe-stream": "~2.2",
                "nette/security": "~2.3",
                "nette/tester": "~2.0",
                "tracy/tracy": "^2.4.1"
            },
            "suggest": {
                "nette/robot-loader": "to use Configurator::createRobotLoader()",
                "tracy/tracy": "to use Configurator::enableTracy()"
            },
            "type": "library",
            "extra": {
                "branch-alias": {
                    "dev-master": "2.4-dev"
                }
            },
            "autoload": {
                "classmap": [
                    "src/"
                ]
            },
            "notification-url": "https://packagist.org/downloads/",
            "license": [
                "BSD-3-Clause",
                "GPL-2.0",
                "GPL-3.0"
            ],
            "authors": [
                {
                    "name": "David Grudl",
                    "homepage": "https://davidgrudl.com"
                },
                {
                    "name": "Nette Community",
                    "homepage": "https://nette.org/contributors"
                }
            ],
            "description": "Nette Bootstrap",
            "homepage": "https://nette.org",
            "time": "2016-12-19T12:12:10+00:00"
        },
        {
            "name": "nette/caching",
            "version": "v2.5.2",
            "source": {
                "type": "git",
                "url": "https://github.com/nette/caching.git",
                "reference": "7da6cc65f301e220acba4fd8a11d3afdc642be9e"
            },
            "dist": {
                "type": "zip",
                "url": "https://api.github.com/repos/nette/caching/zipball/7da6cc65f301e220acba4fd8a11d3afdc642be9e",
                "reference": "7da6cc65f301e220acba4fd8a11d3afdc642be9e",
                "shasum": ""
            },
            "require": {
                "nette/finder": "~2.2",
                "nette/utils": "~2.4",
                "php": ">=5.6.0"
            },
            "conflict": {
                "nette/nette": "<2.2"
            },
            "require-dev": {
                "latte/latte": "~2.4",
                "nette/di": "~2.4",
                "nette/tester": "~2.0",
                "tracy/tracy": "^2.4"
            },
            "suggest": {
                "ext-pdo_sqlite": "to use SQLiteStorage or SQLiteJournal"
            },
            "type": "library",
            "extra": {
                "branch-alias": {
                    "dev-master": "2.5-dev"
                }
            },
            "autoload": {
                "classmap": [
                    "src/"
                ]
            },
            "notification-url": "https://packagist.org/downloads/",
            "license": [
                "BSD-3-Clause",
                "GPL-2.0",
                "GPL-3.0"
            ],
            "authors": [
                {
                    "name": "David Grudl",
                    "homepage": "https://davidgrudl.com"
                },
                {
                    "name": "Nette Community",
                    "homepage": "https://nette.org/contributors"
                }
            ],
            "description": "Nette Caching Component",
            "homepage": "https://nette.org",
            "time": "2016-10-06T00:08:42+00:00"
        },
        {
            "name": "nette/component-model",
            "version": "v2.3.0",
            "source": {
                "type": "git",
                "url": "https://github.com/nette/component-model.git",
                "reference": "9b5817b246bf409b8f0f8309c23e599dd8729d28"
            },
            "dist": {
                "type": "zip",
                "url": "https://api.github.com/repos/nette/component-model/zipball/9b5817b246bf409b8f0f8309c23e599dd8729d28",
                "reference": "9b5817b246bf409b8f0f8309c23e599dd8729d28",
                "shasum": ""
            },
            "require": {
                "nette/utils": "^2.4",
                "php": ">=5.6.0"
            },
            "conflict": {
                "nette/application": "<2.4",
                "nette/nette": "<2.2"
            },
            "require-dev": {
                "nette/tester": "~2.0",
                "tracy/tracy": "^2.3"
            },
            "type": "library",
            "extra": {
                "branch-alias": {
                    "dev-master": "2.3-dev"
                }
            },
            "autoload": {
                "classmap": [
                    "src/"
                ]
            },
            "notification-url": "https://packagist.org/downloads/",
            "license": [
                "BSD-3-Clause",
                "GPL-2.0",
                "GPL-3.0"
            ],
            "authors": [
                {
                    "name": "David Grudl",
                    "homepage": "https://davidgrudl.com"
                },
                {
                    "name": "Nette Community",
                    "homepage": "https://nette.org/contributors"
                }
            ],
            "description": "Nette Component Model",
            "homepage": "https://nette.org",
            "time": "2016-06-17T17:36:56+00:00"
        },
        {
            "name": "nette/database",
            "version": "v2.4.1",
            "source": {
                "type": "git",
                "url": "https://github.com/nette/database.git",
                "reference": "7a7b51520f3d98e3f6c38df5495ac775463972d5"
            },
            "dist": {
                "type": "zip",
                "url": "https://api.github.com/repos/nette/database/zipball/7a7b51520f3d98e3f6c38df5495ac775463972d5",
                "reference": "7a7b51520f3d98e3f6c38df5495ac775463972d5",
                "shasum": ""
            },
            "require": {
                "ext-pdo": "*",
                "nette/caching": "~2.2",
                "nette/utils": "~2.4",
                "php": ">=5.6.0"
            },
            "conflict": {
                "nette/nette": "<2.2"
            },
            "require-dev": {
                "mockery/mockery": "~1.0.0",
                "nette/di": "~2.4",
                "nette/tester": "~2.0",
                "tracy/tracy": "^2.4"
            },
            "type": "library",
            "extra": {
                "branch-alias": {
                    "dev-master": "2.4-dev"
                }
            },
            "autoload": {
                "classmap": [
                    "src/"
                ]
            },
            "notification-url": "https://packagist.org/downloads/",
            "license": [
                "BSD-3-Clause",
                "GPL-2.0",
                "GPL-3.0"
            ],
            "authors": [
                {
                    "name": "David Grudl",
                    "homepage": "https://davidgrudl.com"
                },
                {
                    "name": "Nette Community",
                    "homepage": "https://nette.org/contributors"
                }
            ],
            "description": "Nette Database Component",
            "homepage": "https://nette.org",
            "time": "2016-10-18T13:27:34+00:00"
        },
        {
            "name": "nette/di",
            "version": "v2.4.6",
            "source": {
                "type": "git",
                "url": "https://github.com/nette/di.git",
                "reference": "28767a0abef69faa08bfa700e2e3f80ac58ab58e"
            },
            "dist": {
                "type": "zip",
                "url": "https://api.github.com/repos/nette/di/zipball/28767a0abef69faa08bfa700e2e3f80ac58ab58e",
                "reference": "28767a0abef69faa08bfa700e2e3f80ac58ab58e",
                "shasum": ""
            },
            "require": {
                "ext-tokenizer": "*",
                "nette/neon": "^2.3.3",
                "nette/php-generator": "^2.5",
                "nette/utils": "^2.4.3",
                "php": ">=5.6.0"
            },
            "conflict": {
                "nette/bootstrap": "<2.4",
                "nette/nette": "<2.2"
            },
            "require-dev": {
                "nette/tester": "~2.0",
                "tracy/tracy": "^2.3"
            },
            "type": "library",
            "extra": {
                "branch-alias": {
                    "dev-master": "2.4-dev"
                }
            },
            "autoload": {
                "classmap": [
                    "src/"
                ]
            },
            "notification-url": "https://packagist.org/downloads/",
            "license": [
                "BSD-3-Clause",
                "GPL-2.0",
                "GPL-3.0"
            ],
            "authors": [
                {
                    "name": "David Grudl",
                    "homepage": "https://davidgrudl.com"
                },
                {
                    "name": "Nette Community",
                    "homepage": "https://nette.org/contributors"
                }
            ],
            "description": "Nette Dependency Injection Component",
            "homepage": "https://nette.org",
            "time": "2017-01-15T14:08:41+00:00"
        },
        {
            "name": "nette/finder",
            "version": "v2.4.0",
            "source": {
                "type": "git",
                "url": "https://github.com/nette/finder.git",
                "reference": "5cabd5fe89f9903715359a403b820c7f94f9bb5e"
            },
            "dist": {
                "type": "zip",
                "url": "https://api.github.com/repos/nette/finder/zipball/5cabd5fe89f9903715359a403b820c7f94f9bb5e",
                "reference": "5cabd5fe89f9903715359a403b820c7f94f9bb5e",
                "shasum": ""
            },
            "require": {
                "nette/utils": "~2.4",
                "php": ">=5.6.0"
            },
            "conflict": {
                "nette/nette": "<2.2"
            },
            "require-dev": {
                "nette/tester": "~2.0",
                "tracy/tracy": "^2.3"
            },
            "type": "library",
            "extra": {
                "branch-alias": {
                    "dev-master": "2.4-dev"
                }
            },
            "autoload": {
                "classmap": [
                    "src/"
                ]
            },
            "notification-url": "https://packagist.org/downloads/",
            "license": [
                "BSD-3-Clause",
                "GPL-2.0",
                "GPL-3.0"
            ],
            "authors": [
                {
                    "name": "David Grudl",
                    "homepage": "https://davidgrudl.com"
                },
                {
                    "name": "Nette Community",
                    "homepage": "https://nette.org/contributors"
                }
            ],
            "description": "Nette Finder: Files Searching",
            "homepage": "https://nette.org",
            "time": "2016-05-17T15:49:06+00:00"
        },
        {
            "name": "nette/forms",
            "version": "v2.4.3",
            "source": {
                "type": "git",
                "url": "https://github.com/nette/forms.git",
                "reference": "c2618a144a7cd0a1f41143e18387d9c48cef91cb"
            },
            "dist": {
                "type": "zip",
                "url": "https://api.github.com/repos/nette/forms/zipball/c2618a144a7cd0a1f41143e18387d9c48cef91cb",
                "reference": "c2618a144a7cd0a1f41143e18387d9c48cef91cb",
                "shasum": ""
            },
            "require": {
                "nette/component-model": "~2.3",
                "nette/http": "~2.2",
                "nette/utils": "~2.4",
                "php": ">=5.6.0"
            },
            "conflict": {
                "nette/nette": "<2.2"
            },
            "require-dev": {
                "latte/latte": "~2.4",
                "nette/di": "~2.4",
                "nette/tester": "~2.0",
                "tracy/tracy": "^2.4"
            },
            "type": "library",
            "extra": {
                "branch-alias": {
                    "dev-master": "2.4-dev"
                }
            },
            "autoload": {
                "classmap": [
                    "src/"
                ]
            },
            "notification-url": "https://packagist.org/downloads/",
            "license": [
                "BSD-3-Clause",
                "GPL-2.0",
                "GPL-3.0"
            ],
            "authors": [
                {
                    "name": "David Grudl",
                    "homepage": "https://davidgrudl.com"
                },
                {
                    "name": "Nette Community",
                    "homepage": "https://nette.org/contributors"
                }
            ],
            "description": "Nette Forms: greatly facilitates web forms",
            "homepage": "https://nette.org",
            "time": "2016-12-20T23:49:37+00:00"
        },
        {
            "name": "nette/http",
            "version": "v2.4.4",
            "source": {
                "type": "git",
                "url": "https://github.com/nette/http.git",
                "reference": "7727507129934e18c59bdc4060fd32730b0d9e87"
            },
            "dist": {
                "type": "zip",
                "url": "https://api.github.com/repos/nette/http/zipball/7727507129934e18c59bdc4060fd32730b0d9e87",
                "reference": "7727507129934e18c59bdc4060fd32730b0d9e87",
                "shasum": ""
            },
            "require": {
                "nette/utils": "^2.4",
                "php": ">=5.6.0"
            },
            "conflict": {
                "nette/nette": "<2.2"
            },
            "require-dev": {
                "nette/di": "^2.4.6",
                "nette/tester": "~2.0",
                "tracy/tracy": "^2.4"
            },
            "suggest": {
                "ext-fileinfo": "to detect type of uploaded files"
            },
            "type": "library",
            "extra": {
                "branch-alias": {
                    "dev-master": "2.4-dev"
                }
            },
            "autoload": {
                "classmap": [
                    "src/"
                ]
            },
            "notification-url": "https://packagist.org/downloads/",
            "license": [
                "BSD-3-Clause",
                "GPL-2.0",
                "GPL-3.0"
            ],
            "authors": [
                {
                    "name": "David Grudl",
                    "homepage": "https://davidgrudl.com"
                },
                {
                    "name": "Nette Community",
                    "homepage": "https://nette.org/contributors"
                }
            ],
            "description": "Nette HTTP Component",
            "homepage": "https://nette.org",
            "time": "2017-01-18T03:03:04+00:00"
        },
        {
            "name": "nette/mail",
            "version": "v2.4.1",
            "source": {
                "type": "git",
                "url": "https://github.com/nette/mail.git",
                "reference": "135fac5b1d71cde9d0a0c9cad61a18d2704c3e47"
            },
            "dist": {
                "type": "zip",
                "url": "https://api.github.com/repos/nette/mail/zipball/135fac5b1d71cde9d0a0c9cad61a18d2704c3e47",
                "reference": "135fac5b1d71cde9d0a0c9cad61a18d2704c3e47",
                "shasum": ""
            },
            "require": {
                "ext-iconv": "*",
                "nette/utils": "~2.4",
                "php": ">=5.6.0"
            },
            "conflict": {
                "nette/nette": "<2.2"
            },
            "require-dev": {
                "nette/di": "~2.4",
                "nette/tester": "~2.0",
                "tracy/tracy": "^2.4"
            },
            "suggest": {
                "ext-fileinfo": "to detect type of attached files"
            },
            "type": "library",
            "extra": {
                "branch-alias": {
                    "dev-master": "2.4-dev"
                }
            },
            "autoload": {
                "classmap": [
                    "src/"
                ]
            },
            "notification-url": "https://packagist.org/downloads/",
            "license": [
                "BSD-3-Clause",
                "GPL-2.0",
                "GPL-3.0"
            ],
            "authors": [
                {
                    "name": "David Grudl",
                    "homepage": "https://davidgrudl.com"
                },
                {
                    "name": "Nette Community",
                    "homepage": "https://nette.org/contributors"
                }
            ],
            "description": "Nette Mail: Sending E-mails",
            "homepage": "https://nette.org",
            "time": "2016-07-31T12:06:47+00:00"
        },
        {
            "name": "nette/neon",
            "version": "v2.4.1",
            "source": {
                "type": "git",
                "url": "https://github.com/nette/neon.git",
                "reference": "1a78ff64b1e161ebccc03bdf9366450a69365f5b"
            },
            "dist": {
                "type": "zip",
                "url": "https://api.github.com/repos/nette/neon/zipball/1a78ff64b1e161ebccc03bdf9366450a69365f5b",
                "reference": "1a78ff64b1e161ebccc03bdf9366450a69365f5b",
                "shasum": ""
            },
            "require": {
                "ext-iconv": "*",
                "ext-json": "*",
                "php": ">=5.6.0"
            },
            "require-dev": {
                "nette/tester": "~2.0",
                "tracy/tracy": "^2.3"
            },
            "type": "library",
            "extra": {
                "branch-alias": {
                    "dev-master": "2.4-dev"
                }
            },
            "autoload": {
                "classmap": [
                    "src/"
                ]
            },
            "notification-url": "https://packagist.org/downloads/",
            "license": [
                "BSD-3-Clause",
                "GPL-2.0",
                "GPL-3.0"
            ],
            "authors": [
                {
                    "name": "David Grudl",
                    "homepage": "https://davidgrudl.com"
                },
                {
                    "name": "Nette Community",
                    "homepage": "https://nette.org/contributors"
                }
            ],
            "description": "Nette NEON: parser & generator for Nette Object Notation",
            "homepage": "http://ne-on.org",
            "time": "2017-01-13T08:00:19+00:00"
        },
        {
            "name": "nette/php-generator",
            "version": "v2.5.0",
            "source": {
                "type": "git",
                "url": "https://github.com/nette/php-generator.git",
                "reference": "3f317dc211953cc93e9efa61598dc074adc3b0de"
            },
            "dist": {
                "type": "zip",
                "url": "https://api.github.com/repos/nette/php-generator/zipball/3f317dc211953cc93e9efa61598dc074adc3b0de",
                "reference": "3f317dc211953cc93e9efa61598dc074adc3b0de",
                "shasum": ""
            },
            "require": {
                "nette/utils": "~2.4",
                "php": ">=5.6.0"
            },
            "conflict": {
                "nette/nette": "<2.2"
            },
            "require-dev": {
                "nette/tester": "~2.0",
                "tracy/tracy": "^2.3"
            },
            "type": "library",
            "extra": {
                "branch-alias": {
                    "dev-master": "2.5-dev"
                }
            },
            "autoload": {
                "classmap": [
                    "src/"
                ]
            },
            "notification-url": "https://packagist.org/downloads/",
            "license": [
                "BSD-3-Clause",
                "GPL-2.0",
                "GPL-3.0"
            ],
            "authors": [
                {
                    "name": "David Grudl",
                    "homepage": "https://davidgrudl.com"
                },
                {
                    "name": "Nette Community",
                    "homepage": "https://nette.org/contributors"
                }
            ],
            "description": "Nette PHP Generator",
            "homepage": "https://nette.org",
            "time": "2017-01-13T08:02:14+00:00"
        },
        {
            "name": "nette/reflection",
            "version": "v2.4.1",
            "source": {
                "type": "git",
                "url": "https://github.com/nette/reflection.git",
                "reference": "ca6bafe1f73c19719238b58f91e6a399f281069b"
            },
            "dist": {
                "type": "zip",
                "url": "https://api.github.com/repos/nette/reflection/zipball/ca6bafe1f73c19719238b58f91e6a399f281069b",
                "reference": "ca6bafe1f73c19719238b58f91e6a399f281069b",
                "shasum": ""
            },
            "require": {
                "ext-tokenizer": "*",
                "nette/caching": "^2.2 || ^3.0",
                "nette/utils": "^2.4 || ^3.0",
                "php": ">=5.6.0"
            },
            "conflict": {
                "nette/nette": "<2.2"
            },
            "require-dev": {
                "nette/di": "^2.4 || ^3.0",
                "nette/tester": "^2.0",
                "tracy/tracy": "^2.4"
            },
            "type": "library",
            "extra": {
                "branch-alias": {
                    "dev-master": "2.4-dev"
                }
            },
            "autoload": {
                "classmap": [
                    "src/"
                ]
            },
            "notification-url": "https://packagist.org/downloads/",
            "license": [
                "BSD-3-Clause",
                "GPL-2.0",
                "GPL-3.0"
            ],
            "authors": [
                {
                    "name": "David Grudl",
                    "homepage": "https://davidgrudl.com"
                },
                {
                    "name": "Nette Community",
                    "homepage": "https://nette.org/contributors"
                }
            ],
            "description": "Nette PHP Reflection Component",
            "homepage": "https://nette.org",
            "time": "2017-01-10T16:10:27+00:00"
        },
        {
            "name": "nette/robot-loader",
            "version": "v2.4.2",
            "source": {
                "type": "git",
                "url": "https://github.com/nette/robot-loader.git",
                "reference": "f23f8885624b249d5ec7bb525b9d6b007ab00293"
            },
            "dist": {
                "type": "zip",
                "url": "https://api.github.com/repos/nette/robot-loader/zipball/f23f8885624b249d5ec7bb525b9d6b007ab00293",
                "reference": "f23f8885624b249d5ec7bb525b9d6b007ab00293",
                "shasum": ""
            },
            "require": {
                "ext-tokenizer": "*",
                "nette/caching": "~2.2",
                "nette/finder": "~2.3",
                "nette/utils": "~2.4",
                "php": ">=5.6.0"
            },
            "conflict": {
                "nette/nette": "<2.2"
            },
            "require-dev": {
                "nette/tester": "~2.0",
                "tracy/tracy": "^2.3"
            },
            "type": "library",
            "extra": {
                "branch-alias": {
                    "dev-master": "2.4-dev"
                }
            },
            "autoload": {
                "classmap": [
                    "src/"
                ]
            },
            "notification-url": "https://packagist.org/downloads/",
            "license": [
                "BSD-3-Clause",
                "GPL-2.0",
                "GPL-3.0"
            ],
            "authors": [
                {
                    "name": "David Grudl",
                    "homepage": "https://davidgrudl.com"
                },
                {
                    "name": "Nette Community",
                    "homepage": "https://nette.org/contributors"
                }
            ],
            "description": "Nette RobotLoader: comfortable autoloading",
            "homepage": "https://nette.org",
            "time": "2017-01-02T17:15:22+00:00"
        },
        {
            "name": "nette/security",
            "version": "v2.4.1",
            "source": {
                "type": "git",
                "url": "https://github.com/nette/security.git",
                "reference": "e547c81b36bae6cb5a6ba0c498314940f5d428ed"
            },
            "dist": {
                "type": "zip",
                "url": "https://api.github.com/repos/nette/security/zipball/e547c81b36bae6cb5a6ba0c498314940f5d428ed",
                "reference": "e547c81b36bae6cb5a6ba0c498314940f5d428ed",
                "shasum": ""
            },
            "require": {
                "nette/utils": "~2.4",
                "php": ">=5.6.0"
            },
            "conflict": {
                "nette/nette": "<2.2"
            },
            "require-dev": {
                "nette/di": "~2.4",
                "nette/http": "~2.4",
                "nette/tester": "~2.0",
                "tracy/tracy": "^2.4"
            },
            "type": "library",
            "extra": {
                "branch-alias": {
                    "dev-master": "2.4-dev"
                }
            },
            "autoload": {
                "classmap": [
                    "src/"
                ]
            },
            "notification-url": "https://packagist.org/downloads/",
            "license": [
                "BSD-3-Clause",
                "GPL-2.0",
                "GPL-3.0"
            ],
            "authors": [
                {
                    "name": "David Grudl",
                    "homepage": "https://davidgrudl.com"
                },
                {
                    "name": "Nette Community",
                    "homepage": "https://nette.org/contributors"
                }
            ],
            "description": "Nette Security: Access Control Component",
            "homepage": "https://nette.org",
            "time": "2016-12-19T10:53:40+00:00"
        },
        {
            "name": "nette/utils",
            "version": "v2.4.4",
            "source": {
                "type": "git",
                "url": "https://github.com/nette/utils.git",
                "reference": "714afb64d0da07d0da7178cbf5680008e4b0180b"
            },
            "dist": {
                "type": "zip",
                "url": "https://api.github.com/repos/nette/utils/zipball/714afb64d0da07d0da7178cbf5680008e4b0180b",
                "reference": "714afb64d0da07d0da7178cbf5680008e4b0180b",
                "shasum": ""
            },
            "require": {
                "php": ">=5.6.0"
            },
            "conflict": {
                "nette/nette": "<2.2"
            },
            "require-dev": {
                "nette/tester": "~2.0",
                "tracy/tracy": "^2.3"
            },
            "suggest": {
                "ext-gd": "to use Image",
                "ext-iconv": "to use Strings::webalize() and toAscii()",
                "ext-intl": "for script transliteration in Strings::webalize() and toAscii()",
                "ext-json": "to use Nette\\Utils\\Json",
                "ext-mbstring": "to use Strings::lower() etc...",
                "ext-xml": "to use Strings::length() etc. when mbstring is not available"
            },
            "type": "library",
            "extra": {
                "branch-alias": {
                    "dev-master": "2.4-dev"
                }
            },
            "autoload": {
                "classmap": [
                    "src/"
                ]
            },
            "notification-url": "https://packagist.org/downloads/",
            "license": [
                "BSD-3-Clause",
                "GPL-2.0",
                "GPL-3.0"
            ],
            "authors": [
                {
                    "name": "David Grudl",
                    "homepage": "https://davidgrudl.com"
                },
                {
                    "name": "Nette Community",
                    "homepage": "https://nette.org/contributors"
                }
            ],
            "description": "Nette Utility Classes",
            "homepage": "https://nette.org",
            "time": "2017-01-16T12:30:14+00:00"
        },
        {
            "name": "tracy/tracy",
            "version": "v2.4.5",
            "source": {
                "type": "git",
                "url": "https://github.com/nette/tracy.git",
                "reference": "f1ec2f25347ca75dbadcb43244a9ac04dea29fc2"
            },
            "dist": {
                "type": "zip",
                "url": "https://api.github.com/repos/nette/tracy/zipball/f1ec2f25347ca75dbadcb43244a9ac04dea29fc2",
                "reference": "f1ec2f25347ca75dbadcb43244a9ac04dea29fc2",
                "shasum": ""
            },
            "require": {
                "ext-json": "*",
                "ext-session": "*",
                "php": ">=5.4.4"
            },
            "require-dev": {
                "nette/di": "~2.3",
                "nette/tester": "~2.0"
            },
            "type": "library",
            "extra": {
                "branch-alias": {
                    "dev-master": "2.4-dev"
                }
            },
            "autoload": {
                "classmap": [
                    "src"
                ],
                "files": [
                    "src/shortcuts.php"
                ]
            },
            "notification-url": "https://packagist.org/downloads/",
            "license": [
                "BSD-3-Clause",
                "GPL-2.0",
                "GPL-3.0"
            ],
            "authors": [
                {
                    "name": "David Grudl",
                    "homepage": "https://davidgrudl.com"
                },
                {
                    "name": "Nette Community",
                    "homepage": "https://nette.org/contributors"
                }
            ],
            "description": "Tracy: useful PHP debugger",
            "homepage": "https://tracy.nette.org",
            "keywords": [
                "debug",
                "debugger",
                "nette"
            ],
            "time": "2017-01-15T13:26:45+00:00"
        }
    ],
    "packages-dev": [
        {
            "name": "nette/tester",
            "version": "v1.7.1",
            "source": {
                "type": "git",
                "url": "https://github.com/nette/tester.git",
                "reference": "d97534578e8cf66eabe081e7d5eaa4dd527ab0c8"
            },
            "dist": {
                "type": "zip",
                "url": "https://api.github.com/repos/nette/tester/zipball/d97534578e8cf66eabe081e7d5eaa4dd527ab0c8",
                "reference": "d97534578e8cf66eabe081e7d5eaa4dd527ab0c8",
                "shasum": ""
            },
            "require": {
                "php": ">=5.3.0"
            },
            "bin": [
                "src/tester"
            ],
            "type": "library",
            "extra": {
                "branch-alias": {
                    "dev-master": "1.7-dev"
                }
            },
            "autoload": {
                "classmap": [
                    "src/"
                ]
            },
            "notification-url": "https://packagist.org/downloads/",
            "license": [
                "BSD-3-Clause",
                "GPL-2.0",
                "GPL-3.0"
            ],
            "authors": [
                {
                    "name": "David Grudl",
                    "homepage": "https://davidgrudl.com"
                },
                {
                    "name": "Nette Community",
                    "homepage": "https://nette.org/contributors"
                }
            ],
            "description": "An easy-to-use PHP unit testing framework.",
            "homepage": "https://tester.nette.org",
            "keywords": [
                "nette",
                "testing",
                "unit"
            ],
            "time": "2016-03-19T14:34:02+00:00"
        }
    ],
    "aliases": [],
    "minimum-stability": "stable",
    "stability-flags": [],
    "prefer-stable": false,
    "prefer-lowest": false,
    "platform": {
        "php": ">= 5.6"
    },
    "platform-dev": []
}
