{
    "_readme": [
        "This file locks the dependencies of your project to a known state",
        "Read more about it at https://getcomposer.org/doc/01-basic-usage.md#installing-dependencies",
        "This file is @generated automatically"
    ],
    "content-hash": "5e7cc66184e0bf1568dc4cc39fbf7a64",
    "packages": [
        {
            "name": "latte/latte",
            "version": "v2.5.1",
            "source": {
                "type": "git",
                "url": "https://github.com/nette/latte.git",
                "reference": "cf714b94f0759198a3c71361d46d5166cabaaf52"
            },
            "dist": {
                "type": "zip",
                "url": "https://api.github.com/repos/nette/latte/zipball/cf714b94f0759198a3c71361d46d5166cabaaf52",
                "reference": "cf714b94f0759198a3c71361d46d5166cabaaf52",
                "shasum": ""
            },
            "require": {
                "ext-json": "*",
                "ext-tokenizer": "*",
                "php": ">=7.1"
            },
            "conflict": {
                "nette/application": "<2.4.1"
            },
            "require-dev": {
                "nette/tester": "~2.0",
                "tracy/tracy": "^2.3"
            },
            "suggest": {
                "ext-fileinfo": "to use filter |datastream",
                "ext-mbstring": "to use filters like lower, upper, capitalize, ...",
                "nette/utils": "to use filter |webalize"
            },
            "type": "library",
            "extra": {
                "branch-alias": {
                    "dev-master": "2.5-dev"
                }
            },
            "autoload": {
                "classmap": [
                    "src/"
                ]
            },
            "notification-url": "https://packagist.org/downloads/",
            "license": [
                "BSD-3-Clause",
                "GPL-2.0",
                "GPL-3.0"
            ],
            "authors": [
                {
                    "name": "David Grudl",
                    "homepage": "https://davidgrudl.com"
                },
                {
                    "name": "Nette Community",
                    "homepage": "https://nette.org/contributors"
                }
            ],
            "description": "☕ Latte: the intuitive and fast template engine for those who want the most secure PHP sites. Introduces context-sensitive escaping.",
            "homepage": "https://latte.nette.org",
            "keywords": [
                "context-sensitive",
                "engine",
                "escaping",
                "html",
                "nette",
                "security",
                "template",
                "twig"
            ],
            "time": "2019-02-20T10:51:49+00:00"
        },
        {
            "name": "nette/application",
            "version": "v3.0.0",
            "source": {
                "type": "git",
                "url": "https://github.com/nette/application.git",
                "reference": "4f3b250709226c70c8ca0a35f796877bcb72b10d"
            },
            "dist": {
                "type": "zip",
                "url": "https://api.github.com/repos/nette/application/zipball/4f3b250709226c70c8ca0a35f796877bcb72b10d",
                "reference": "4f3b250709226c70c8ca0a35f796877bcb72b10d",
                "shasum": ""
            },
            "require": {
                "nette/component-model": "^3.0",
                "nette/http": "^3.0",
                "nette/routing": "~3.0.0",
                "nette/utils": "^3.0",
                "php": ">=7.1"
            },
            "conflict": {
                "nette/di": "<3.0",
                "nette/forms": "<3.0",
                "nette/latte": "<3.0"
            },
            "require-dev": {
                "latte/latte": "^2.5.1",
                "mockery/mockery": "^1.0",
                "nette/di": "^v3.0",
                "nette/forms": "^3.0",
                "nette/robot-loader": "^3.2",
                "nette/security": "^3.0",
                "nette/tester": "^2.0.1",
                "tracy/tracy": "^2.6"
            },
            "suggest": {
                "latte/latte": "Allows using Latte in templates",
                "nette/forms": "Allows to use Nette\\Application\\UI\\Form"
            },
            "type": "library",
            "extra": {
                "branch-alias": {
                    "dev-master": "3.0-dev"
                }
            },
            "autoload": {
                "classmap": [
                    "src/"
                ],
                "files": [
                    "src/compatibility.php"
                ]
            },
            "notification-url": "https://packagist.org/downloads/",
            "license": [
                "BSD-3-Clause",
                "GPL-2.0",
                "GPL-3.0"
            ],
            "authors": [
                {
                    "name": "David Grudl",
                    "homepage": "https://davidgrudl.com"
                },
                {
                    "name": "Nette Community",
                    "homepage": "https://nette.org/contributors"
                }
            ],
            "description": "🏆 Nette Application: a full-stack component-based MVC kernel for PHP that helps you write powerful and modern web applications. Write less, have cleaner code and your work will bring you joy.",
            "homepage": "https://nette.org",
            "keywords": [
                "Forms",
                "component-based",
                "control",
                "framework",
                "mvc",
                "mvp",
                "nette",
                "presenter",
                "routing",
                "seo"
            ],
            "time": "2019-04-03T19:36:15+00:00"
        },
        {
            "name": "nette/bootstrap",
            "version": "v3.0.0",
            "source": {
                "type": "git",
                "url": "https://github.com/nette/bootstrap.git",
                "reference": "e1075af05c211915e03e0c86542f3ba5433df4a3"
            },
            "dist": {
                "type": "zip",
                "url": "https://api.github.com/repos/nette/bootstrap/zipball/e1075af05c211915e03e0c86542f3ba5433df4a3",
                "reference": "e1075af05c211915e03e0c86542f3ba5433df4a3",
                "shasum": ""
            },
            "require": {
                "nette/di": "^3.0",
                "nette/utils": "^3.0",
                "php": ">=7.1"
            },
            "require-dev": {
                "latte/latte": "^2.2",
                "nette/application": "^3.0",
                "nette/caching": "^3.0",
                "nette/database": "^3.0",
                "nette/forms": "^3.0",
                "nette/http": "^3.0",
                "nette/mail": "^3.0",
                "nette/robot-loader": "^3.0",
                "nette/safe-stream": "^2.2",
                "nette/security": "^3.0",
                "nette/tester": "^2.0",
                "tracy/tracy": "^2.6"
            },
            "suggest": {
                "nette/robot-loader": "to use Configurator::createRobotLoader()",
                "tracy/tracy": "to use Configurator::enableTracy()"
            },
            "type": "library",
            "extra": {
                "branch-alias": {
                    "dev-master": "3.0-dev"
                }
            },
            "autoload": {
                "classmap": [
                    "src/"
                ]
            },
            "notification-url": "https://packagist.org/downloads/",
            "license": [
                "BSD-3-Clause",
                "GPL-2.0",
                "GPL-3.0"
            ],
            "authors": [
                {
                    "name": "David Grudl",
                    "homepage": "https://davidgrudl.com"
                },
                {
                    "name": "Nette Community",
                    "homepage": "https://nette.org/contributors"
                }
            ],
            "description": "🅱 Nette Bootstrap: the simple way to configure and bootstrap your Nette application.",
            "homepage": "https://nette.org",
            "keywords": [
                "bootstrapping",
                "configurator",
                "nette"
            ],
            "time": "2019-03-26T12:59:07+00:00"
        },
        {
            "name": "nette/caching",
            "version": "v3.0.0",
            "source": {
                "type": "git",
                "url": "https://github.com/nette/caching.git",
                "reference": "d1abc4216f1cd42263c266af1907bbcbda4094c9"
            },
            "dist": {
                "type": "zip",
                "url": "https://api.github.com/repos/nette/caching/zipball/d1abc4216f1cd42263c266af1907bbcbda4094c9",
                "reference": "d1abc4216f1cd42263c266af1907bbcbda4094c9",
                "shasum": ""
            },
            "require": {
                "nette/finder": "^2.4 || ~3.0.0",
                "nette/utils": "^2.4 || ~3.0.0",
                "php": ">=7.1"
            },
            "conflict": {
                "nette/nette": "<2.2"
            },
            "require-dev": {
                "latte/latte": "^2.4",
                "nette/di": "^v3.0.0-beta2",
                "nette/tester": "^2.0",
                "tracy/tracy": "^2.4"
            },
            "suggest": {
                "ext-pdo_sqlite": "to use SQLiteStorage or SQLiteJournal"
            },
            "type": "library",
            "extra": {
                "branch-alias": {
                    "dev-master": "3.0-dev"
                }
            },
            "autoload": {
                "classmap": [
                    "src/"
                ]
            },
            "notification-url": "https://packagist.org/downloads/",
            "license": [
                "BSD-3-Clause",
                "GPL-2.0",
                "GPL-3.0"
            ],
            "authors": [
                {
                    "name": "David Grudl",
                    "homepage": "https://davidgrudl.com"
                },
                {
                    "name": "Nette Community",
                    "homepage": "https://nette.org/contributors"
                }
            ],
            "description": "⏱ Nette Caching: library with easy-to-use API and many cache backends.",
            "homepage": "https://nette.org",
            "keywords": [
                "cache",
                "journal",
                "memcached",
                "nette",
                "sqlite"
            ],
            "time": "2019-02-05T21:28:16+00:00"
        },
        {
            "name": "nette/component-model",
            "version": "v3.0.0",
            "source": {
                "type": "git",
                "url": "https://github.com/nette/component-model.git",
                "reference": "3153441f3d64bbdac300e75b8e5dde36590f7e01"
            },
            "dist": {
                "type": "zip",
                "url": "https://api.github.com/repos/nette/component-model/zipball/3153441f3d64bbdac300e75b8e5dde36590f7e01",
                "reference": "3153441f3d64bbdac300e75b8e5dde36590f7e01",
                "shasum": ""
            },
            "require": {
                "nette/utils": "^2.5 || ^3.0",
                "php": ">=7.1"
            },
            "conflict": {
                "nette/application": "<2.4",
                "nette/nette": "<2.2"
            },
            "require-dev": {
                "nette/tester": "^2.0",
                "tracy/tracy": "^2.3"
            },
            "type": "library",
            "extra": {
                "branch-alias": {
                    "dev-master": "3.0-dev"
                }
            },
            "autoload": {
                "classmap": [
                    "src/"
                ]
            },
            "notification-url": "https://packagist.org/downloads/",
            "license": [
                "BSD-3-Clause",
                "GPL-2.0",
                "GPL-3.0"
            ],
            "authors": [
                {
                    "name": "David Grudl",
                    "homepage": "https://davidgrudl.com"
                },
                {
                    "name": "Nette Community",
                    "homepage": "https://nette.org/contributors"
                }
            ],
            "description": "⚛ Nette Component Model",
            "homepage": "https://nette.org",
            "keywords": [
                "components",
                "nette"
            ],
            "time": "2019-02-20T07:13:15+00:00"
        },
        {
            "name": "nette/database",
            "version": "v3.0.1",
            "source": {
                "type": "git",
                "url": "https://github.com/nette/database.git",
                "reference": "302586ea4161424e4c85717e20afe611ed1506f0"
            },
            "dist": {
                "type": "zip",
                "url": "https://api.github.com/repos/nette/database/zipball/302586ea4161424e4c85717e20afe611ed1506f0",
                "reference": "302586ea4161424e4c85717e20afe611ed1506f0",
                "shasum": ""
            },
            "require": {
                "ext-pdo": "*",
                "nette/caching": "^3.0",
                "nette/utils": "^3.0",
                "php": ">=7.1"
            },
            "conflict": {
                "nette/di": "<3.0"
            },
            "require-dev": {
                "mockery/mockery": "^1.0.0",
                "nette/di": "^v3.0",
                "nette/tester": "^2.0",
                "tracy/tracy": "^2.4"
            },
            "type": "library",
            "extra": {
                "branch-alias": {
                    "dev-master": "3.0-dev"
                }
            },
            "autoload": {
                "classmap": [
                    "src/"
                ]
            },
            "notification-url": "https://packagist.org/downloads/",
            "license": [
                "BSD-3-Clause",
                "GPL-2.0",
                "GPL-3.0"
            ],
            "authors": [
                {
                    "name": "David Grudl",
                    "homepage": "https://davidgrudl.com"
                },
                {
                    "name": "Nette Community",
                    "homepage": "https://nette.org/contributors"
                }
            ],
            "description": "💾 Nette Database: layer with a familiar PDO-like API but much more powerful. Building queries, advanced joins, drivers for MySQL, PostgreSQL, SQLite, MS SQL Server and Oracle.",
            "homepage": "https://nette.org",
            "keywords": [
                "database",
                "mssql",
                "mysql",
                "nette",
                "notorm",
                "oracle",
                "pdo",
                "postgresql",
                "queries",
                "sqlite"
            ],
            "time": "2019-04-01T04:56:22+00:00"
        },
        {
            "name": "nette/di",
            "version": "v3.0.0",
            "source": {
                "type": "git",
                "url": "https://github.com/nette/di.git",
                "reference": "19d83539245aaacb59470828919182411061841f"
            },
            "dist": {
                "type": "zip",
                "url": "https://api.github.com/repos/nette/di/zipball/19d83539245aaacb59470828919182411061841f",
                "reference": "19d83539245aaacb59470828919182411061841f",
                "shasum": ""
            },
            "require": {
                "ext-tokenizer": "*",
                "nette/neon": "^3.0",
                "nette/php-generator": "^3.2.2",
                "nette/robot-loader": "^3.2",
                "nette/schema": "^1.0",
                "nette/utils": "^3.0",
                "php": ">=7.1"
            },
            "conflict": {
                "nette/bootstrap": "<3.0"
            },
            "require-dev": {
                "nette/tester": "^2.2",
                "tracy/tracy": "^2.3"
            },
            "type": "library",
            "extra": {
                "branch-alias": {
                    "dev-master": "3.0-dev"
                }
            },
            "autoload": {
                "classmap": [
                    "src/"
                ],
                "files": [
                    "src/compatibility.php"
                ]
            },
            "notification-url": "https://packagist.org/downloads/",
            "license": [
                "BSD-3-Clause",
                "GPL-2.0",
                "GPL-3.0"
            ],
            "authors": [
                {
                    "name": "David Grudl",
                    "homepage": "https://davidgrudl.com"
                },
                {
                    "name": "Nette Community",
                    "homepage": "https://nette.org/contributors"
                }
            ],
            "description": "💎 Nette Dependency Injection Container: Flexible, compiled and full-featured DIC with perfectly usable autowiring and support for all new PHP 7.1 features.",
            "homepage": "https://nette.org",
            "keywords": [
                "compiled",
                "di",
                "dic",
                "factory",
                "ioc",
                "nette",
                "static"
            ],
            "time": "2019-04-03T19:35:46+00:00"
        },
        {
            "name": "nette/finder",
            "version": "v2.5.0",
            "source": {
                "type": "git",
                "url": "https://github.com/nette/finder.git",
                "reference": "6be1b83ea68ac558aff189d640abe242e0306fe2"
            },
            "dist": {
                "type": "zip",
                "url": "https://api.github.com/repos/nette/finder/zipball/6be1b83ea68ac558aff189d640abe242e0306fe2",
                "reference": "6be1b83ea68ac558aff189d640abe242e0306fe2",
                "shasum": ""
            },
            "require": {
                "nette/utils": "^2.4 || ~3.0.0",
                "php": ">=7.1"
            },
            "conflict": {
                "nette/nette": "<2.2"
            },
            "require-dev": {
                "nette/tester": "^2.0",
                "tracy/tracy": "^2.3"
            },
            "type": "library",
            "extra": {
                "branch-alias": {
                    "dev-master": "2.5-dev"
                }
            },
            "autoload": {
                "classmap": [
                    "src/"
                ]
            },
            "notification-url": "https://packagist.org/downloads/",
            "license": [
                "BSD-3-Clause",
                "GPL-2.0",
                "GPL-3.0"
            ],
            "authors": [
                {
                    "name": "David Grudl",
                    "homepage": "https://davidgrudl.com"
                },
                {
                    "name": "Nette Community",
                    "homepage": "https://nette.org/contributors"
                }
            ],
            "description": "? Nette Finder: find files and directories with an intuitive API.",
            "homepage": "https://nette.org",
            "keywords": [
                "filesystem",
                "glob",
                "iterator",
                "nette"
            ],
            "time": "2019-02-28T18:13:25+00:00"
        },
        {
            "name": "nette/forms",
            "version": "v3.0.0",
            "source": {
                "type": "git",
                "url": "https://github.com/nette/forms.git",
                "reference": "52e0d4f2fca8ff2ef44fb9d7f10fed59457dc26e"
            },
            "dist": {
                "type": "zip",
                "url": "https://api.github.com/repos/nette/forms/zipball/52e0d4f2fca8ff2ef44fb9d7f10fed59457dc26e",
                "reference": "52e0d4f2fca8ff2ef44fb9d7f10fed59457dc26e",
                "shasum": ""
            },
            "require": {
                "nette/component-model": "^3.0",
                "nette/http": "^3.0",
                "nette/utils": "^3.0",
                "php": ">=7.1"
            },
            "conflict": {
                "nette/nette": "<2.2"
            },
            "require-dev": {
                "latte/latte": "^2.4.1",
                "nette/di": "^3.0",
                "nette/tester": "^2.0",
                "tracy/tracy": "^2.4"
            },
            "type": "library",
            "extra": {
                "branch-alias": {
                    "dev-master": "3.0-dev"
                }
            },
            "autoload": {
                "classmap": [
                    "src/"
                ]
            },
            "notification-url": "https://packagist.org/downloads/",
            "license": [
                "BSD-3-Clause",
                "GPL-2.0",
                "GPL-3.0"
            ],
            "authors": [
                {
                    "name": "David Grudl",
                    "homepage": "https://davidgrudl.com"
                },
                {
                    "name": "Nette Community",
                    "homepage": "https://nette.org/contributors"
                }
            ],
            "description": "?? Nette Forms: generating, validating and processing secure forms in PHP. Handy API, fully customizable, server & client side validation and mature design.",
            "homepage": "https://nette.org",
            "keywords": [
                "Forms",
                "bootstrap",
                "csrf",
                "javascript",
                "nette",
                "validation"
            ],
            "time": "2019-02-28T17:49:02+00:00"
        },
        {
            "name": "nette/http",
            "version": "v3.0.1",
            "source": {
                "type": "git",
                "url": "https://github.com/nette/http.git",
                "reference": "2fa91a76583c3cb3e7d1a51c501c5653a6a11f8a"
            },
            "dist": {
                "type": "zip",
                "url": "https://api.github.com/repos/nette/http/zipball/2fa91a76583c3cb3e7d1a51c501c5653a6a11f8a",
                "reference": "2fa91a76583c3cb3e7d1a51c501c5653a6a11f8a",
                "shasum": ""
            },
            "require": {
                "nette/utils": "^3.0",
                "php": ">=7.1"
            },
            "conflict": {
                "nette/di": "<3.0"
            },
            "require-dev": {
                "nette/di": "^3.0",
                "nette/tester": "^2.0",
                "tracy/tracy": "^2.4"
            },
            "suggest": {
                "ext-fileinfo": "to detect type of uploaded files",
                "nette/security": "allows use Nette\\Http\\UserStorage"
            },
            "type": "library",
            "extra": {
                "branch-alias": {
                    "dev-master": "3.0-dev"
                }
            },
            "autoload": {
                "classmap": [
                    "src/"
                ]
            },
            "notification-url": "https://packagist.org/downloads/",
            "license": [
                "BSD-3-Clause",
                "GPL-2.0",
                "GPL-3.0"
            ],
            "authors": [
                {
                    "name": "David Grudl",
                    "homepage": "https://davidgrudl.com"
                },
                {
                    "name": "Nette Community",
                    "homepage": "https://nette.org/contributors"
                }
            ],
            "description": "🌐 Nette Http: abstraction for HTTP request, response and session. Provides careful data sanitization and utility for URL and cookies manipulation.",
            "homepage": "https://nette.org",
            "keywords": [
                "cookies",
                "http",
                "nette",
                "proxy",
                "request",
                "response",
                "security",
                "session",
                "url"
            ],
            "time": "2019-04-03T11:57:10+00:00"
        },
        {
            "name": "nette/mail",
            "version": "v3.0.0",
            "source": {
                "type": "git",
                "url": "https://github.com/nette/mail.git",
                "reference": "ce0064772ab3a6a01658c7368b63978597d60e08"
            },
            "dist": {
                "type": "zip",
                "url": "https://api.github.com/repos/nette/mail/zipball/ce0064772ab3a6a01658c7368b63978597d60e08",
                "reference": "ce0064772ab3a6a01658c7368b63978597d60e08",
                "shasum": ""
            },
            "require": {
                "ext-iconv": "*",
                "nette/utils": "^2.4 || ^3.0",
                "php": ">=7.1"
            },
            "conflict": {
                "nette/nette": "<2.2"
            },
            "require-dev": {
                "nette/di": "^3.0.0",
                "nette/tester": "^2.0",
                "tracy/tracy": "^2.4"
            },
            "suggest": {
                "ext-fileinfo": "to detect type of attached files"
            },
            "type": "library",
            "extra": {
                "branch-alias": {
                    "dev-master": "3.0-dev"
                }
            },
            "autoload": {
                "classmap": [
                    "src/"
                ]
            },
            "notification-url": "https://packagist.org/downloads/",
            "license": [
                "BSD-3-Clause",
                "GPL-2.0",
                "GPL-3.0"
            ],
            "authors": [
                {
                    "name": "David Grudl",
                    "homepage": "https://davidgrudl.com"
                },
                {
                    "name": "Nette Community",
                    "homepage": "https://nette.org/contributors"
                }
            ],
            "description": "? Nette Mail: handy email creation and transfer library for PHP with both text and MIME-compliant support.",
            "homepage": "https://nette.org",
            "keywords": [
                "mail",
                "mailer",
                "mime",
                "nette",
                "smtp"
            ],
            "time": "2019-02-20T06:53:15+00:00"
        },
        {
            "name": "nette/neon",
            "version": "v3.0.0",
            "source": {
                "type": "git",
                "url": "https://github.com/nette/neon.git",
                "reference": "cbff32059cbdd8720deccf9e9eace6ee516f02eb"
            },
            "dist": {
                "type": "zip",
                "url": "https://api.github.com/repos/nette/neon/zipball/cbff32059cbdd8720deccf9e9eace6ee516f02eb",
                "reference": "cbff32059cbdd8720deccf9e9eace6ee516f02eb",
                "shasum": ""
            },
            "require": {
                "ext-iconv": "*",
                "ext-json": "*",
                "php": ">=7.0"
            },
            "require-dev": {
                "nette/tester": "^2.0",
                "tracy/tracy": "^2.3"
            },
            "type": "library",
            "extra": {
                "branch-alias": {
                    "dev-master": "3.0-dev"
                }
            },
            "autoload": {
                "classmap": [
                    "src/"
                ]
            },
            "notification-url": "https://packagist.org/downloads/",
            "license": [
                "BSD-3-Clause",
                "GPL-2.0",
                "GPL-3.0"
            ],
            "authors": [
                {
                    "name": "David Grudl",
                    "homepage": "https://davidgrudl.com"
                },
                {
                    "name": "Nette Community",
                    "homepage": "https://nette.org/contributors"
                }
            ],
            "description": "? Nette NEON: encodes and decodes NEON file format.",
            "homepage": "http://ne-on.org",
            "keywords": [
                "export",
                "import",
                "neon",
                "nette",
                "yaml"
            ],
            "time": "2019-02-05T21:30:40+00:00"
        },
        {
            "name": "nette/php-generator",
            "version": "v3.2.2",
            "source": {
                "type": "git",
                "url": "https://github.com/nette/php-generator.git",
                "reference": "acff8b136fad84b860a626d133e791f95781f9f5"
            },
            "dist": {
                "type": "zip",
                "url": "https://api.github.com/repos/nette/php-generator/zipball/acff8b136fad84b860a626d133e791f95781f9f5",
                "reference": "acff8b136fad84b860a626d133e791f95781f9f5",
                "shasum": ""
            },
            "require": {
                "nette/utils": "^2.4.2 || ~3.0.0",
                "php": ">=7.1"
            },
            "require-dev": {
                "nette/tester": "^2.0",
                "tracy/tracy": "^2.3"
            },
            "type": "library",
            "extra": {
                "branch-alias": {
                    "dev-master": "3.2-dev"
                }
            },
            "autoload": {
                "classmap": [
                    "src/"
                ]
            },
            "notification-url": "https://packagist.org/downloads/",
            "license": [
                "BSD-3-Clause",
                "GPL-2.0",
                "GPL-3.0"
            ],
            "authors": [
                {
                    "name": "David Grudl",
                    "homepage": "https://davidgrudl.com"
                },
                {
                    "name": "Nette Community",
                    "homepage": "https://nette.org/contributors"
                }
            ],
            "description": "🐘 Nette PHP Generator: generates neat PHP code for you. Supports new PHP 7.3 features.",
            "homepage": "https://nette.org",
            "keywords": [
                "code",
                "nette",
                "php",
                "scaffolding"
            ],
            "time": "2019-03-15T03:41:13+00:00"
        },
        {
            "name": "nette/robot-loader",
            "version": "v3.2.0",
            "source": {
                "type": "git",
                "url": "https://github.com/nette/robot-loader.git",
                "reference": "0712a0e39ae7956d6a94c0ab6ad41aa842544b5c"
            },
            "dist": {
                "type": "zip",
                "url": "https://api.github.com/repos/nette/robot-loader/zipball/0712a0e39ae7956d6a94c0ab6ad41aa842544b5c",
                "reference": "0712a0e39ae7956d6a94c0ab6ad41aa842544b5c",
                "shasum": ""
            },
            "require": {
                "ext-tokenizer": "*",
                "nette/finder": "^2.5",
                "nette/utils": "^3.0",
                "php": ">=7.1"
            },
            "require-dev": {
                "nette/tester": "^2.0",
                "tracy/tracy": "^2.3"
            },
            "type": "library",
            "extra": {
                "branch-alias": {
                    "dev-master": "3.2-dev"
                }
            },
            "autoload": {
                "classmap": [
                    "src/"
                ]
            },
            "notification-url": "https://packagist.org/downloads/",
            "license": [
                "BSD-3-Clause",
                "GPL-2.0",
                "GPL-3.0"
            ],
            "authors": [
                {
                    "name": "David Grudl",
                    "homepage": "https://davidgrudl.com"
                },
                {
                    "name": "Nette Community",
                    "homepage": "https://nette.org/contributors"
                }
            ],
            "description": "? Nette RobotLoader: high performance and comfortable autoloader that will search and autoload classes within your application.",
            "homepage": "https://nette.org",
            "keywords": [
                "autoload",
                "class",
                "interface",
                "nette",
                "trait"
            ],
            "time": "2019-03-08T21:57:24+00:00"
        },
        {
            "name": "nette/routing",
            "version": "v3.0.0",
            "source": {
                "type": "git",
                "url": "https://github.com/nette/routing.git",
                "reference": "603c697f3df7ed214795d4e8e8c58fbf981232b1"
            },
            "dist": {
                "type": "zip",
                "url": "https://api.github.com/repos/nette/routing/zipball/603c697f3df7ed214795d4e8e8c58fbf981232b1",
                "reference": "603c697f3df7ed214795d4e8e8c58fbf981232b1",
                "shasum": ""
            },
            "require": {
                "nette/http": "^3.0",
                "nette/utils": "^3.0",
                "php": ">=7.1"
            },
            "require-dev": {
                "nette/tester": "^2.0",
                "tracy/tracy": "^2.3"
            },
            "type": "library",
            "extra": {
                "branch-alias": {
                    "dev-master": "3.0-dev"
                }
            },
            "autoload": {
                "classmap": [
                    "src/"
                ]
            },
            "notification-url": "https://packagist.org/downloads/",
            "license": [
                "BSD-3-Clause",
                "GPL-2.0",
                "GPL-3.0"
            ],
            "authors": [
                {
                    "name": "David Grudl",
                    "homepage": "https://davidgrudl.com"
                },
                {
                    "name": "Nette Community",
                    "homepage": "https://nette.org/contributors"
                }
            ],
            "description": "Nette Routing: two-ways URL conversion",
            "homepage": "https://nette.org",
            "keywords": [
                "nette"
            ],
            "time": "2019-02-13T15:57:18+00:00"
        },
        {
            "name": "nette/schema",
            "version": "v1.0.0",
            "source": {
                "type": "git",
                "url": "https://github.com/nette/schema.git",
                "reference": "6241d8d4da39e825dd6cb5bfbe4242912f4d7e4d"
            },
            "dist": {
                "type": "zip",
                "url": "https://api.github.com/repos/nette/schema/zipball/6241d8d4da39e825dd6cb5bfbe4242912f4d7e4d",
                "reference": "6241d8d4da39e825dd6cb5bfbe4242912f4d7e4d",
                "shasum": ""
            },
            "require": {
                "nette/utils": "^3.0.1",
                "php": ">=7.1"
            },
            "require-dev": {
                "nette/tester": "^2.2",
                "tracy/tracy": "^2.3"
            },
            "type": "library",
            "extra": {
                "branch-alias": {
                    "dev-master": "1.0-dev"
                }
            },
            "autoload": {
                "classmap": [
                    "src/"
                ]
            },
            "notification-url": "https://packagist.org/downloads/",
            "license": [
                "BSD-3-Clause",
                "GPL-2.0",
                "GPL-3.0"
            ],
            "authors": [
                {
                    "name": "David Grudl",
                    "homepage": "https://davidgrudl.com"
                },
                {
                    "name": "Nette Community",
                    "homepage": "https://nette.org/contributors"
                }
            ],
            "description": "📐 Nette Schema: validating data structures against a given Schema.",
            "homepage": "https://nette.org",
            "keywords": [
                "config",
                "nette"
            ],
            "time": "2019-04-03T15:53:25+00:00"
        },
        {
            "name": "nette/security",
            "version": "v3.0.0",
            "source": {
                "type": "git",
                "url": "https://github.com/nette/security.git",
                "reference": "55b6f3e7e3defc8e4f1f78c947f53185c51d6147"
            },
            "dist": {
                "type": "zip",
                "url": "https://api.github.com/repos/nette/security/zipball/55b6f3e7e3defc8e4f1f78c947f53185c51d6147",
                "reference": "55b6f3e7e3defc8e4f1f78c947f53185c51d6147",
                "shasum": ""
            },
            "require": {
                "nette/utils": "^2.4 || ^3.0",
                "php": ">=7.1"
            },
            "conflict": {
                "nette/nette": "<2.2"
            },
            "require-dev": {
                "nette/di": "^3.0.0",
                "nette/http": "^3.0.0",
                "nette/tester": "^2.0",
                "tracy/tracy": "^2.4"
            },
            "type": "library",
            "extra": {
                "branch-alias": {
                    "dev-master": "3.0-dev"
                }
            },
            "autoload": {
                "classmap": [
                    "src/"
                ]
            },
            "notification-url": "https://packagist.org/downloads/",
            "license": [
                "BSD-3-Clause",
                "GPL-2.0",
                "GPL-3.0"
            ],
            "authors": [
                {
                    "name": "David Grudl",
                    "homepage": "https://davidgrudl.com"
                },
                {
                    "name": "Nette Community",
                    "homepage": "https://nette.org/contributors"
                }
            ],
            "description": "? Nette Security: provides authentication, authorization and a role-based access control management via ACL (Access Control List)",
            "homepage": "https://nette.org",
            "keywords": [
                "Authentication",
                "acl",
                "authorization",
                "nette"
            ],
            "time": "2019-02-20T06:38:20+00:00"
        },
        {
            "name": "nette/utils",
            "version": "v3.0.1",
            "source": {
                "type": "git",
                "url": "https://github.com/nette/utils.git",
                "reference": "bd961f49b211997202bda1d0fbc410905be370d4"
            },
            "dist": {
                "type": "zip",
                "url": "https://api.github.com/repos/nette/utils/zipball/bd961f49b211997202bda1d0fbc410905be370d4",
                "reference": "bd961f49b211997202bda1d0fbc410905be370d4",
                "shasum": ""
            },
            "require": {
                "php": ">=7.1"
            },
            "require-dev": {
                "nette/tester": "~2.0",
                "tracy/tracy": "^2.3"
            },
            "suggest": {
                "ext-gd": "to use Image",
                "ext-iconv": "to use Strings::webalize() and toAscii()",
                "ext-intl": "to use Strings::webalize(), toAscii(), normalize() and compare()",
                "ext-json": "to use Nette\\Utils\\Json",
                "ext-mbstring": "to use Strings::lower() etc...",
                "ext-xml": "to use Strings::length() etc. when mbstring is not available"
            },
            "type": "library",
            "extra": {
                "branch-alias": {
                    "dev-master": "3.0-dev"
                }
            },
            "autoload": {
                "classmap": [
                    "src/"
                ]
            },
            "notification-url": "https://packagist.org/downloads/",
            "license": [
                "BSD-3-Clause",
                "GPL-2.0",
                "GPL-3.0"
            ],
            "authors": [
                {
                    "name": "David Grudl",
                    "homepage": "https://davidgrudl.com"
                },
                {
                    "name": "Nette Community",
                    "homepage": "https://nette.org/contributors"
                }
            ],
            "description": "🛠 Nette Utils: lightweight utilities for string & array manipulation, image handling, safe JSON encoding/decoding, validation, slug or strong password generating etc.",
            "homepage": "https://nette.org",
            "keywords": [
                "array",
                "core",
                "datetime",
                "images",
                "json",
                "nette",
                "paginator",
                "password",
                "slugify",
                "string",
                "unicode",
                "utf-8",
                "utility",
                "validation"
            ],
            "time": "2019-03-22T01:00:30+00:00"
        },
        {
            "name": "tracy/tracy",
            "version": "v2.6.2",
            "source": {
                "type": "git",
                "url": "https://github.com/nette/tracy.git",
                "reference": "9a6513089a836744e70af0910ad45f50e603dcf5"
            },
            "dist": {
                "type": "zip",
                "url": "https://api.github.com/repos/nette/tracy/zipball/9a6513089a836744e70af0910ad45f50e603dcf5",
                "reference": "9a6513089a836744e70af0910ad45f50e603dcf5",
                "shasum": ""
            },
            "require": {
                "ext-json": "*",
                "ext-session": "*",
                "php": ">=7.1"
            },
            "require-dev": {
                "nette/di": "^2.4 || ~3.0.0",
                "nette/tester": "^2.2",
                "nette/utils": "^2.4 || ^3.0",
                "psr/log": "^1.0"
            },
            "suggest": {
                "https://nette.org/donate": "Please support Tracy via a donation"
            },
            "type": "library",
            "extra": {
                "branch-alias": {
                    "dev-master": "2.6-dev"
                }
            },
            "autoload": {
                "classmap": [
                    "src"
                ],
                "files": [
                    "src/Tracy/shortcuts.php"
                ]
            },
            "notification-url": "https://packagist.org/downloads/",
            "license": [
                "BSD-3-Clause"
            ],
            "authors": [
                {
                    "name": "David Grudl",
                    "homepage": "https://davidgrudl.com"
                },
                {
                    "name": "Nette Community",
                    "homepage": "https://nette.org/contributors"
                }
            ],
            "description": "😎 Tracy: the addictive tool to ease debugging PHP code for cool developers. Friendly design, logging, profiler, advanced features like debugging AJAX calls or CLI support. You will love it.",
            "homepage": "https://tracy.nette.org",
            "keywords": [
                "Xdebug",
                "debug",
                "debugger",
                "nette",
                "profiler"
            ],
            "time": "2019-04-03T20:29:00+00:00"
        }
    ],
    "packages-dev": [
        {
            "name": "nette/tester",
            "version": "v2.2.0",
            "source": {
                "type": "git",
                "url": "https://github.com/nette/tester.git",
                "reference": "899c70c53b40dfe4a214e568babb617a9c454071"
            },
            "dist": {
                "type": "zip",
                "url": "https://api.github.com/repos/nette/tester/zipball/899c70c53b40dfe4a214e568babb617a9c454071",
                "reference": "899c70c53b40dfe4a214e568babb617a9c454071",
                "shasum": ""
            },
            "require": {
                "php": ">=7.1"
            },
            "bin": [
                "src/tester"
            ],
            "type": "library",
            "extra": {
                "branch-alias": {
                    "dev-master": "2.3-dev"
                }
            },
            "autoload": {
                "classmap": [
                    "src/"
                ]
            },
            "notification-url": "https://packagist.org/downloads/",
            "license": [
                "BSD-3-Clause",
                "GPL-2.0",
                "GPL-3.0"
            ],
            "authors": [
                {
                    "name": "David Grudl",
                    "homepage": "https://davidgrudl.com"
                },
                {
                    "name": "Nette Community",
                    "homepage": "https://nette.org/contributors"
                }
            ],
            "description": "Nette Tester: enjoyable unit testing in PHP with code coverage reporter. ????",
            "homepage": "https://tester.nette.org",
            "keywords": [
                "Xdebug",
                "assertions",
                "clover",
                "code coverage",
                "nette",
                "pcov",
                "phpdbg",
                "phpunit",
                "testing",
                "unit"
            ],
            "time": "2019-03-11T08:54:30+00:00"
        }
    ],
    "aliases": [],
    "minimum-stability": "stable",
    "stability-flags": [],
    "prefer-stable": false,
    "prefer-lowest": false,
    "platform": {
        "php": ">= 7.1"
    },
    "platform-dev": [],
    "platform-overrides": {
        "php": "7.1"
    }
}
